
Microsoft Visual Studio Solution File, Format Version 12.00
# Visual Studio Version 17
VisualStudioVersion = 17.0.31912.275
MinimumVisualStudioVersion = 10.0.40219.1
Project("{FAE04EC0-301F-11D3-BF4B-00C04F79EFBC}") = "oop-tic-tac-toe", "oop-tic-tac-toe\oop-tic-tac-toe.csproj", "{B59AE338-5622-4807-B76D-25C7432F80B9}"
EndProject
Global
	GlobalSection(SolutionConfigurationPlatforms) = preSolution
		Debug|Any CPU = Debug|Any CPU
		Release|Any CPU = Release|Any CPU
	EndGlobalSection
	GlobalSection(ProjectConfigurationPlatforms) = postSolution
		{B59AE338-5622-4807-B76D-25C7432F80B9}.Debug|Any CPU.ActiveCfg = Debug|Any CPU
		{B59AE338-5622-4807-B76D-25C7432F80B9}.Debug|Any CPU.Build.0 = Debug|Any CPU
		{B59AE338-5622-4807-B76D-25C7432F80B9}.Release|Any CPU.ActiveCfg = Release|Any CPU
		{B59AE338-5622-4807-B76D-25C7432F80B9}.Release|Any CPU.Build.0 = Release|Any CPU
	EndGlobalSection
	GlobalSection(SolutionProperties) = preSolution
		HideSolutionNode = FALSE
	EndGlobalSection
	GlobalSection(ExtensibilityGlobals) = postSolution
		SolutionGuid = {D274392F-80B8-4E02-AC99-1EEE70EA7E92}
	EndGlobalSection
EndGlobal
